// !$*UTF8*$!
{
	archiveVersion = 1;
	classes = {
	};
	objectVersion = 48;
	objects = {

/* Begin PBXBuildFile section */
		03305B221FCFA36200DA2DE1 /* AppDelegate.m in Sources */ = {isa = PBXBuildFile; fileRef = 03305B211FCFA36200DA2DE1 /* AppDelegate.m */; };
		03305B251FCFA36200DA2DE1 /* ViewController.m in Sources */ = {isa = PBXBuildFile; fileRef = 03305B241FCFA36200DA2DE1 /* ViewController.m */; };
		03305B281FCFA36200DA2DE1 /* Main.storyboard in Resources */ = {isa = PBXBuildFile; fileRef = 03305B261FCFA36200DA2DE1 /* Main.storyboard */; };
		03305B2A1FCFA36200DA2DE1 /* Assets.xcassets in Resources */ = {isa = PBXBuildFile; fileRef = 03305B291FCFA36200DA2DE1 /* Assets.xcassets */; };
		03305B301FCFA36200DA2DE1 /* main.m in Sources */ = {isa = PBXBuildFile; fileRef = 03305B2F1FCFA36200DA2DE1 /* main.m */; };
		03305B3A1FCFA36200DA2DE1 /* PLVMarqueeDemoTests.m in Sources */ = {isa = PBXBuildFile; fileRef = 03305B391FCFA36200DA2DE1 /* PLVMarqueeDemoTests.m */; };
		03305B451FCFA36200DA2DE1 /* PLVMarqueeDemoUITests.m in Sources */ = {isa = PBXBuildFile; fileRef = 03305B441FCFA36200DA2DE1 /* PLVMarqueeDemoUITests.m */; };
		03305B571FCFA39800DA2DE1 /* PLVMarquee.m in Sources */ = {isa = PBXBuildFile; fileRef = 03305B531FCFA39800DA2DE1 /* PLVMarquee.m */; };
		03305B581FCFA39800DA2DE1 /* PLVMarqueeViewModel.m in Sources */ = {isa = PBXBuildFile; fileRef = 03305B561FCFA39800DA2DE1 /* PLVMarqueeViewModel.m */; };
		03305B5A1FCFA4E600DA2DE1 /* LaunchScreen.storyboard in Resources */ = {isa = PBXBuildFile; fileRef = 03305B591FCFA4E600DA2DE1 /* LaunchScreen.storyboard */; };
/* End PBXBuildFile section */

/* Begin PBXContainerItemProxy section */
		03305B361FCFA36200DA2DE1 /* PBXContainerItemProxy */ = {
			isa = PBXContainerItemProxy;
			containerPortal = 03305B151FCFA36200DA2DE1 /* Project object */;
			proxyType = 1;
			remoteGlobalIDString = 03305B1C1FCFA36200DA2DE1;
			remoteInfo = PLVMarqueeDemo;
		};
		03305B411FCFA36200DA2DE1 /* PBXContainerItemProxy */ = {
			isa = PBXContainerItemProxy;
			containerPortal = 03305B151FCFA36200DA2DE1 /* Project object */;
			proxyType = 1;
			remoteGlobalIDString = 03305B1C1FCFA36200DA2DE1;
			remoteInfo = PLVMarqueeDemo;
		};
/* End PBXContainerItemProxy section */

/* Begin PBXFileReference section */
		03305B1D1FCFA36200DA2DE1 /* PLVMarqueeDemo.app */ = {isa = PBXFileReference; explicitFileType = wrapper.application; includeInIndex = 0; path = PLVMarqueeDemo.app; sourceTree = BUILT_PRODUCTS_DIR; };
		03305B201FCFA36200DA2DE1 /* AppDelegate.h */ = {isa = PBXFileReference; lastKnownFileType = sourcecode.c.h; path = AppDelegate.h; sourceTree = "<group>"; };
		03305B211FCFA36200DA2DE1 /* AppDelegate.m */ = {isa = PBXFileReference; lastKnownFileType = sourcecode.c.objc; path = AppDelegate.m; sourceTree = "<group>"; };
		03305B231FCFA36200DA2DE1 /* ViewController.h */ = {isa = PBXFileReference; lastKnownFileType = sourcecode.c.h; path = ViewController.h; sourceTree = "<group>"; };
		03305B241FCFA36200DA2DE1 /* ViewController.m */ = {isa = PBXFileReference; lastKnownFileType = sourcecode.c.objc; path = ViewController.m; sourceTree = "<group>"; };
		03305B271FCFA36200DA2DE1 /* Base */ = {isa = PBXFileReference; lastKnownFileType = file.storyboard; name = Base; path = Base.lproj/Main.storyboard; sourceTree = "<group>"; };
		03305B291FCFA36200DA2DE1 /* Assets.xcassets */ = {isa = PBXFileReference; lastKnownFileType = folder.assetcatalog; path = Assets.xcassets; sourceTree = "<group>"; };
		03305B2E1FCFA36200DA2DE1 /* Info.plist */ = {isa = PBXFileReference; lastKnownFileType = text.plist.xml; path = Info.plist; sourceTree = "<group>"; };
		03305B2F1FCFA36200DA2DE1 /* main.m */ = {isa = PBXFileReference; lastKnownFileType = sourcecode.c.objc; path = main.m; sourceTree = "<group>"; };
		03305B351FCFA36200DA2DE1 /* PLVMarqueeDemoTests.xctest */ = {isa = PBXFileReference; explicitFileType = wrapper.cfbundle; includeInIndex = 0; path = PLVMarqueeDemoTests.xctest; sourceTree = BUILT_PRODUCTS_DIR; };
		03305B391FCFA36200DA2DE1 /* PLVMarqueeDemoTests.m */ = {isa = PBXFileReference; lastKnownFileType = sourcecode.c.objc; path = PLVMarqueeDemoTests.m; sourceTree = "<group>"; };
		03305B3B1FCFA36200DA2DE1 /* Info.plist */ = {isa = PBXFileReference; lastKnownFileType = text.plist.xml; path = Info.plist; sourceTree = "<group>"; };
		03305B401FCFA36200DA2DE1 /* PLVMarqueeDemoUITests.xctest */ = {isa = PBXFileReference; explicitFileType = wrapper.cfbundle; includeInIndex = 0; path = PLVMarqueeDemoUITests.xctest; sourceTree = BUILT_PRODUCTS_DIR; };
		03305B441FCFA36200DA2DE1 /* PLVMarqueeDemoUITests.m */ = {isa = PBXFileReference; lastKnownFileType = sourcecode.c.objc; path = PLVMarqueeDemoUITests.m; sourceTree = "<group>"; };
		03305B461FCFA36200DA2DE1 /* Info.plist */ = {isa = PBXFileReference; lastKnownFileType = text.plist.xml; path = Info.plist; sourceTree = "<group>"; };
		03305B531FCFA39800DA2DE1 /* PLVMarquee.m */ = {isa = PBXFileReference; fileEncoding = 4; lastKnownFileType = sourcecode.c.objc; path = PLVMarquee.m; sourceTree = "<group>"; };
		03305B541FCFA39800DA2DE1 /* PLVMarqueeViewModel.h */ = {isa = PBXFileReference; fileEncoding = 4; lastKnownFileType = sourcecode.c.h; path = PLVMarqueeViewModel.h; sourceTree = "<group>"; };
		03305B551FCFA39800DA2DE1 /* PLVMarquee.h */ = {isa = PBXFileReference; fileEncoding = 4; lastKnownFileType = sourcecode.c.h; path = PLVMarquee.h; sourceTree = "<group>"; };
		03305B561FCFA39800DA2DE1 /* PLVMarqueeViewModel.m */ = {isa = PBXFileReference; fileEncoding = 4; lastKnownFileType = sourcecode.c.objc; path = PLVMarqueeViewModel.m; sourceTree = "<group>"; };
		03305B591FCFA4E600DA2DE1 /* LaunchScreen.storyboard */ = {isa = PBXFileReference; lastKnownFileType = file.storyboard; path = LaunchScreen.storyboard; sourceTree = "<group>"; };
/* End PBXFileReference section */

/* Begin PBXFrameworksBuildPhase section */
		03305B1A1FCFA36200DA2DE1 /* Frameworks */ = {
			isa = PBXFrameworksBuildPhase;
			buildActionMask = 2147483647;
			files = (
			);
			runOnlyForDeploymentPostprocessing = 0;
		};
		03305B321FCFA36200DA2DE1 /* Frameworks */ = {
			isa = PBXFrameworksBuildPhase;
			buildActionMask = 2147483647;
			files = (
			);
			runOnlyForDeploymentPostprocessing = 0;
		};
		03305B3D1FCFA36200DA2DE1 /* Frameworks */ = {
			isa = PBXFrameworksBuildPhase;
			buildActionMask = 2147483647;
			files = (
			);
			runOnlyForDeploymentPostprocessing = 0;
		};
/* End PBXFrameworksBuildPhase section */

/* Begin PBXGroup section */
		03305B141FCFA36200DA2DE1 = {
			isa = PBXGroup;
			children = (
				03305B521FCFA39800DA2DE1 /* PLVMarquee */,
				03305B1F1FCFA36200DA2DE1 /* Demo */,
				03305B381FCFA36200DA2DE1 /* PLVMarqueeDemoTests */,
				03305B431FCFA36200DA2DE1 /* PLVMarqueeDemoUITests */,
				03305B1E1FCFA36200DA2DE1 /* Products */,
			);
			sourceTree = "<group>";
		};
		03305B1E1FCFA36200DA2DE1 /* Products */ = {
			isa = PBXGroup;
			children = (
				03305B1D1FCFA36200DA2DE1 /* PLVMarqueeDemo.app */,
				03305B351FCFA36200DA2DE1 /* PLVMarqueeDemoTests.xctest */,
				03305B401FCFA36200DA2DE1 /* PLVMarqueeDemoUITests.xctest */,
			);
			name = Products;
			sourceTree = "<group>";
		};
		03305B1F1FCFA36200DA2DE1 /* Demo */ = {
			isa = PBXGroup;
			children = (
				03305B201FCFA36200DA2DE1 /* AppDelegate.h */,
				03305B211FCFA36200DA2DE1 /* AppDelegate.m */,
				03305B231FCFA36200DA2DE1 /* ViewController.h */,
				03305B241FCFA36200DA2DE1 /* ViewController.m */,
				03305B261FCFA36200DA2DE1 /* Main.storyboard */,
				03305B591FCFA4E600DA2DE1 /* LaunchScreen.storyboard */,
				03305B291FCFA36200DA2DE1 /* Assets.xcassets */,
				03305B2E1FCFA36200DA2DE1 /* Info.plist */,
				03305B2F1FCFA36200DA2DE1 /* main.m */,
			);
			path = Demo;
			sourceTree = "<group>";
		};
		03305B381FCFA36200DA2DE1 /* PLVMarqueeDemoTests */ = {
			isa = PBXGroup;
			children = (
				03305B391FCFA36200DA2DE1 /* PLVMarqueeDemoTests.m */,
				03305B3B1FCFA36200DA2DE1 /* Info.plist */,
			);
			path = PLVMarqueeDemoTests;
			sourceTree = "<group>";
		};
		03305B431FCFA36200DA2DE1 /* PLVMarqueeDemoUITests */ = {
			isa = PBXGroup;
			children = (
				03305B441FCFA36200DA2DE1 /* PLVMarqueeDemoUITests.m */,
				03305B461FCFA36200DA2DE1 /* Info.plist */,
			);
			path = PLVMarqueeDemoUITests;
			sourceTree = "<group>";
		};
		03305B521FCFA39800DA2DE1 /* PLVMarquee */ = {
			isa = PBXGroup;
			children = (
				03305B531FCFA39800DA2DE1 /* PLVMarquee.m */,
				03305B541FCFA39800DA2DE1 /* PLVMarqueeViewModel.h */,
				03305B551FCFA39800DA2DE1 /* PLVMarquee.h */,
				03305B561FCFA39800DA2DE1 /* PLVMarqueeViewModel.m */,
			);
			name = PLVMarquee;
			path = ../PLVMarquee;
			sourceTree = "<group>";
		};
/* End PBXGroup section */

/* Begin PBXNativeTarget section */
		03305B1C1FCFA36200DA2DE1 /* PLVMarqueeDemo */ = {
			isa = PBXNativeTarget;
			buildConfigurationList = 03305B491FCFA36200DA2DE1 /* Build configuration list for PBXNativeTarget "PLVMarqueeDemo" */;
			buildPhases = (
				03305B191FCFA36200DA2DE1 /* Sources */,
				03305B1A1FCFA36200DA2DE1 /* Frameworks */,
				03305B1B1FCFA36200DA2DE1 /* Resources */,
			);
			buildRules = (
			);
			dependencies = (
			);
			name = PLVMarqueeDemo;
			productName = PLVMarqueeDemo;
			productReference = 03305B1D1FCFA36200DA2DE1 /* PLVMarqueeDemo.app */;
			productType = "com.apple.product-type.application";
		};
		03305B341FCFA36200DA2DE1 /* PLVMarqueeDemoTests */ = {
			isa = PBXNativeTarget;
			buildConfigurationList = 03305B4C1FCFA36200DA2DE1 /* Build configuration list for PBXNativeTarget "PLVMarqueeDemoTests" */;
			buildPhases = (
				03305B311FCFA36200DA2DE1 /* Sources */,
				03305B321FCFA36200DA2DE1 /* Frameworks */,
				03305B331FCFA36200DA2DE1 /* Resources */,
			);
			buildRules = (
			);
			dependencies = (
				03305B371FCFA36200DA2DE1 /* PBXTargetDependency */,
			);
			name = PLVMarqueeDemoTests;
			productName = PLVMarqueeDemoTests;
			productReference = 03305B351FCFA36200DA2DE1 /* PLVMarqueeDemoTests.xctest */;
			productType = "com.apple.product-type.bundle.unit-test";
		};
		03305B3F1FCFA36200DA2DE1 /* PLVMarqueeDemoUITests */ = {
			isa = PBXNativeTarget;
			buildConfigurationList = 03305B4F1FCFA36200DA2DE1 /* Build configuration list for PBXNativeTarget "PLVMarqueeDemoUITests" */;
			buildPhases = (
				03305B3C1FCFA36200DA2DE1 /* Sources */,
				03305B3D1FCFA36200DA2DE1 /* Frameworks */,
				03305B3E1FCFA36200DA2DE1 /* Resources */,
			);
			buildRules = (
			);
			dependencies = (
				03305B421FCFA36200DA2DE1 /* PBXTargetDependency */,
			);
			name = PLVMarqueeDemoUITests;
			productName = PLVMarqueeDemoUITests;
			productReference = 03305B401FCFA36200DA2DE1 /* PLVMarqueeDemoUITests.xctest */;
			productType = "com.apple.product-type.bundle.ui-testing";
		};
/* End PBXNativeTarget section */

/* Begin PBXProject section */
		03305B151FCFA36200DA2DE1 /* Project object */ = {
			isa = PBXProject;
			attributes = {
				LastUpgradeCheck = 0910;
				ORGANIZATIONNAME = POLYV;
				TargetAttributes = {
					03305B1C1FCFA36200DA2DE1 = {
						CreatedOnToolsVersion = 9.1;
						ProvisioningStyle = Automatic;
					};
					03305B341FCFA36200DA2DE1 = {
						CreatedOnToolsVersion = 9.1;
						ProvisioningStyle = Automatic;
						TestTargetID = 03305B1C1FCFA36200DA2DE1;
					};
					03305B3F1FCFA36200DA2DE1 = {
						CreatedOnToolsVersion = 9.1;
						ProvisioningStyle = Automatic;
						TestTargetID = 03305B1C1FCFA36200DA2DE1;
					};
				};
			};
			buildConfigurationList = 03305B181FCFA36200DA2DE1 /* Build configuration list for PBXProject "PLVMarqueeDemo" */;
			compatibilityVersion = "Xcode 8.0";
			developmentRegion = en;
			hasScannedForEncodings = 0;
			knownRegions = (
				en,
				Base,
			);
			mainGroup = 03305B141FCFA36200DA2DE1;
			productRefGroup = 03305B1E1FCFA36200DA2DE1 /* Products */;
			projectDirPath = "";
			projectRoot = "";
			targets = (
				03305B1C1FCFA36200DA2DE1 /* PLVMarqueeDemo */,
				03305B341FCFA36200DA2DE1 /* PLVMarqueeDemoTests */,
				03305B3F1FCFA36200DA2DE1 /* PLVMarqueeDemoUITests */,
			);
		};
/* End PBXProject section */

/* Begin PBXResourcesBuildPhase section */
		03305B1B1FCFA36200DA2DE1 /* Resources */ = {
			isa = PBXResourcesBuildPhase;
			buildActionMask = 2147483647;
			files = (
				03305B5A1FCFA4E600DA2DE1 /* LaunchScreen.storyboard in Resources */,
				03305B2A1FCFA36200DA2DE1 /* Assets.xcassets in Resources */,
				03305B281FCFA36200DA2DE1 /* Main.storyboard in Resources */,
			);
			runOnlyForDeploymentPostprocessing = 0;
		};
		03305B331FCFA36200DA2DE1 /* Resources */ = {
			isa = PBXResourcesBuildPhase;
			buildActionMask = 2147483647;
			files = (
			);
			runOnlyForDeploymentPostprocessing = 0;
		};
		03305B3E1FCFA36200DA2DE1 /* Resources */ = {
			isa = PBXResourcesBuildPhase;
			buildActionMask = 2147483647;
			files = (
			);
			runOnlyForDeploymentPostprocessing = 0;
		};
/* End PBXResourcesBuildPhase section */

/* Begin PBXSourcesBuildPhase section */
		03305B191FCFA36200DA2DE1 /* Sources */ = {
			isa = PBXSourcesBuildPhase;
			buildActionMask = 2147483647;
			files = (
				03305B251FCFA36200DA2DE1 /* ViewController.m in Sources */,
				03305B581FCFA39800DA2DE1 /* PLVMarqueeViewModel.m in Sources */,
				03305B571FCFA39800DA2DE1 /* PLVMarquee.m in Sources */,
				03305B301FCFA36200DA2DE1 /* main.m in Sources */,
				03305B221FCFA36200DA2DE1 /* AppDelegate.m in Sources */,
			);
			runOnlyForDeploymentPostprocessing = 0;
		};
		03305B311FCFA36200DA2DE1 /* Sources */ = {
			isa = PBXSourcesBuildPhase;
			buildActionMask = 2147483647;
			files = (
				03305B3A1FCFA36200DA2DE1 /* PLVMarqueeDemoTests.m in Sources */,
			);
			runOnlyForDeploymentPostprocessing = 0;
		};
		03305B3C1FCFA36200DA2DE1 /* Sources */ = {
			isa = PBXSourcesBuildPhase;
			buildActionMask = 2147483647;
			files = (
				03305B451FCFA36200DA2DE1 /* PLVMarqueeDemoUITests.m in Sources */,
			);
			runOnlyForDeploymentPostprocessing = 0;
		};
/* End PBXSourcesBuildPhase section */

/* Begin PBXTargetDependency section */
		03305B371FCFA36200DA2DE1 /* PBXTargetDependency */ = {
			isa = PBXTargetDependency;
			target = 03305B1C1FCFA36200DA2DE1 /* PLVMarqueeDemo */;
			targetProxy = 03305B361FCFA36200DA2DE1 /* PBXContainerItemProxy */;
		};
		03305B421FCFA36200DA2DE1 /* PBXTargetDependency */ = {
			isa = PBXTargetDependency;
			target = 03305B1C1FCFA36200DA2DE1 /* PLVMarqueeDemo */;
			targetProxy = 03305B411FCFA36200DA2DE1 /* PBXContainerItemProxy */;
		};
/* End PBXTargetDependency section */

/* Begin PBXVariantGroup section */
		03305B261FCFA36200DA2DE1 /* Main.storyboard */ = {
			isa = PBXVariantGroup;
			children = (
				03305B271FCFA36200DA2DE1 /* Base */,
			);
			name = Main.storyboard;
			sourceTree = "<group>";
		};
/* End PBXVariantGroup section */

/* Begin XCBuildConfiguration section */
		03305B471FCFA36200DA2DE1 /* Debug */ = {
			isa = XCBuildConfiguration;
			buildSettings = {
				ALWAYS_SEARCH_USER_PATHS = NO;
				CLANG_ANALYZER_NONNULL = YES;
				CLANG_ANALYZER_NUMBER_OBJECT_CONVERSION = YES_AGGRESSIVE;
				CLANG_CXX_LANGUAGE_STANDARD = "gnu++14";
				CLANG_CXX_LIBRARY = "libc++";
				CLANG_ENABLE_MODULES = YES;
				CLANG_ENABLE_OBJC_ARC = YES;
				CLANG_WARN_BLOCK_CAPTURE_AUTORELEASING = YES;
				CLANG_WARN_BOOL_CONVERSION = YES;
				CLANG_WARN_COMMA = YES;
				CLANG_WARN_CONSTANT_CONVERSION = YES;
				CLANG_WARN_DIRECT_OBJC_ISA_USAGE = YES_ERROR;
				CLANG_WARN_DOCUMENTATION_COMMENTS = YES;
				CLANG_WARN_EMPTY_BODY = YES;
				CLANG_WARN_ENUM_CONVERSION = YES;
				CLANG_WARN_INFINITE_RECURSION = YES;
				CLANG_WARN_INT_CONVERSION = YES;
				CLANG_WARN_NON_LITERAL_NULL_CONVERSION = YES;
				CLANG_WARN_OBJC_LITERAL_CONVERSION = YES;
				CLANG_WARN_OBJC_ROOT_CLASS = YES_ERROR;
				CLANG_WARN_RANGE_LOOP_ANALYSIS = YES;
				CLANG_WARN_STRICT_PROTOTYPES = YES;
				CLANG_WARN_SUSPICIOUS_MOVE = YES;
				CLANG_WARN_UNGUARDED_AVAILABILITY = YES_AGGRESSIVE;
				CLANG_WARN_UNREACHABLE_CODE = YES;
				CLANG_WARN__DUPLICATE_METHOD_MATCH = YES;
				CODE_SIGN_IDENTITY = "iPhone Developer";
				COPY_PHASE_STRIP = NO;
				DEBUG_INFORMATION_FORMAT = dwarf;
				ENABLE_STRICT_OBJC_MSGSEND = YES;
				ENABLE_TESTABILITY = YES;
				GCC_C_LANGUAGE_STANDARD = gnu11;
				GCC_DYNAMIC_NO_PIC = NO;
				GCC_NO_COMMON_BLOCKS = YES;
				GCC_OPTIMIZATION_LEVEL = 0;
				GCC_PREPROCESSOR_DEFINITIONS = (
					"DEBUG=1",
					"$(inherited)",
				);
				GCC_WARN_64_TO_32_BIT_CONVERSION = YES;
				GCC_WARN_ABOUT_RETURN_TYPE = YES_ERROR;
				GCC_WARN_UNDECLARED_SELECTOR = YES;
				GCC_WARN_UNINITIALIZED_AUTOS = YES_AGGRESSIVE;
				GCC_WARN_UNUSED_FUNCTION = YES;
				GCC_WARN_UNUSED_VARIABLE = YES;
				IPHONEOS_DEPLOYMENT_TARGET = 11.1;
				MTL_ENABLE_DEBUG_INFO = YES;
				ONLY_ACTIVE_ARCH = YES;
				SDKROOT = iphoneos;
			};
			name = Debug;
		};
		03305B481FCFA36200DA2DE1 /* Release */ = {
			isa = XCBuildConfiguration;
			buildSettings = {
				ALWAYS_SEARCH_USER_PATHS = NO;
				CLANG_ANALYZER_NONNULL = YES;
				CLANG_ANALYZER_NUMBER_OBJECT_CONVERSION = YES_AGGRESSIVE;
				CLANG_CXX_LANGUAGE_STANDARD = "gnu++14";
				CLANG_CXX_LIBRARY = "libc++";
				CLANG_ENABLE_MODULES = YES;
				CLANG_ENABLE_OBJC_ARC = YES;
				CLANG_WARN_BLOCK_CAPTURE_AUTORELEASING = YES;
				CLANG_WARN_BOOL_CONVERSION = YES;
				CLANG_WARN_COMMA = YES;
				CLANG_WARN_CONSTANT_CONVERSION = YES;
				CLANG_WARN_DIRECT_OBJC_ISA_USAGE = YES_ERROR;
				CLANG_WARN_DOCUMENTATION_COMMENTS = YES;
				CLANG_WARN_EMPTY_BODY = YES;
				CLANG_WARN_ENUM_CONVERSION = YES;
				CLANG_WARN_INFINITE_RECURSION = YES;
				CLANG_WARN_INT_CONVERSION = YES;
				CLANG_WARN_NON_LITERAL_NULL_CONVERSION = YES;
				CLANG_WARN_OBJC_LITERAL_CONVERSION = YES;
				CLANG_WARN_OBJC_ROOT_CLASS = YES_ERROR;
				CLANG_WARN_RANGE_LOOP_ANALYSIS = YES;
				CLANG_WARN_STRICT_PROTOTYPES = YES;
				CLANG_WARN_SUSPICIOUS_MOVE = YES;
				CLANG_WARN_UNGUARDED_AVAILABILITY = YES_AGGRESSIVE;
				CLANG_WARN_UNREACHABLE_CODE = YES;
				CLANG_WARN__DUPLICATE_METHOD_MATCH = YES;
				CODE_SIGN_IDENTITY = "iPhone Developer";
				COPY_PHASE_STRIP = NO;
				DEBUG_INFORMATION_FORMAT = "dwarf-with-dsym";
				ENABLE_NS_ASSERTIONS = NO;
				ENABLE_STRICT_OBJC_MSGSEND = YES;
				GCC_C_LANGUAGE_STANDARD = gnu11;
				GCC_NO_COMMON_BLOCKS = YES;
				GCC_WARN_64_TO_32_BIT_CONVERSION = YES;
				GCC_WARN_ABOUT_RETURN_TYPE = YES_ERROR;
				GCC_WARN_UNDECLARED_SELECTOR = YES;
				GCC_WARN_UNINITIALIZED_AUTOS = YES_AGGRESSIVE;
				GCC_WARN_UNUSED_FUNCTION = YES;
				GCC_WARN_UNUSED_VARIABLE = YES;
				IPHONEOS_DEPLOYMENT_TARGET = 11.1;
				MTL_ENABLE_DEBUG_INFO = NO;
				SDKROOT = iphoneos;
				VALIDATE_PRODUCT = YES;
			};
			name = Release;
		};
		03305B4A1FCFA36200DA2DE1 /* Debug */ = {
			isa = XCBuildConfiguration;
			buildSettings = {
				ASSETCATALOG_COMPILER_APPICON_NAME = AppIcon;
				CODE_SIGN_STYLE = Automatic;
				INFOPLIST_FILE = "$(SRCROOT)/Demo/Info.plist";
				IPHONEOS_DEPLOYMENT_TARGET = 8.0;
				LD_RUNPATH_SEARCH_PATHS = "$(inherited) @executable_path/Frameworks";
				PRODUCT_BUNDLE_IDENTIFIER = net.polyv.PLVMarquee;
				PRODUCT_NAME = "$(TARGET_NAME)";
				TARGETED_DEVICE_FAMILY = "1,2";
			};
			name = Debug;
		};
		03305B4B1FCFA36200DA2DE1 /* Release */ = {
			isa = XCBuildConfiguration;
			buildSettings = {
				ASSETCATALOG_COMPILER_APPICON_NAME = AppIcon;
				CODE_SIGN_STYLE = Automatic;
				INFOPLIST_FILE = "$(SRCROOT)/Demo/Info.plist";
				IPHONEOS_DEPLOYMENT_TARGET = 8.0;
				LD_RUNPATH_SEARCH_PATHS = "$(inherited) @executable_path/Frameworks";
				PRODUCT_BUNDLE_IDENTIFIER = net.polyv.PLVMarquee;
				PRODUCT_NAME = "$(TARGET_NAME)";
				TARGETED_DEVICE_FAMILY = "1,2";
			};
			name = Release;
		};
		03305B4D1FCFA36200DA2DE1 /* Debug */ = {
			isa = XCBuildConfiguration;
			buildSettings = {
				BUNDLE_LOADER = "$(TEST_HOST)";
				CODE_SIGN_STYLE = Automatic;
				INFOPLIST_FILE = PLVMarqueeDemoTests/Info.plist;
				LD_RUNPATH_SEARCH_PATHS = "$(inherited) @executable_path/Frameworks @loader_path/Frameworks";
				PRODUCT_BUNDLE_IDENTIFIER = net.polyv.PLVMarqueeDemoTests;
				PRODUCT_NAME = "$(TARGET_NAME)";
				TARGETED_DEVICE_FAMILY = "1,2";
				TEST_HOST = "$(BUILT_PRODUCTS_DIR)/PLVMarqueeDemo.app/PLVMarqueeDemo";
			};
			name = Debug;
		};
		03305B4E1FCFA36200DA2DE1 /* Release */ = {
			isa = XCBuildConfiguration;
			buildSettings = {
				BUNDLE_LOADER = "$(TEST_HOST)";
				CODE_SIGN_STYLE = Automatic;
				INFOPLIST_FILE = PLVMarqueeDemoTests/Info.plist;
				LD_RUNPATH_SEARCH_PATHS = "$(inherited) @executable_path/Frameworks @loader_path/Frameworks";
				PRODUCT_BUNDLE_IDENTIFIER = net.polyv.PLVMarqueeDemoTests;
				PRODUCT_NAME = "$(TARGET_NAME)";
				TARGETED_DEVICE_FAMILY = "1,2";
				TEST_HOST = "$(BUILT_PRODUCTS_DIR)/PLVMarqueeDemo.app/PLVMarqueeDemo";
			};
			name = Release;
		};
		03305B501FCFA36200DA2DE1 /* Debug */ = {
			isa = XCBuildConfiguration;
			buildSettings = {
				CODE_SIGN_STYLE = Automatic;
				INFOPLIST_FILE = PLVMarqueeDemoUITests/Info.plist;
				LD_RUNPATH_SEARCH_PATHS = "$(inherited) @executable_path/Frameworks @loader_path/Frameworks";
				PRODUCT_BUNDLE_IDENTIFIER = net.polyv.PLVMarqueeDemoUITests;
				PRODUCT_NAME = "$(TARGET_NAME)";
				TARGETED_DEVICE_FAMILY = "1,2";
				TEST_TARGET_NAME = PLVMarqueeDemo;
			};
			name = Debug;
		};
		03305B511FCFA36200DA2DE1 /* Release */ = {
			isa = XCBuildConfiguration;
			buildSettings = {
				CODE_SIGN_STYLE = Automatic;
				INFOPLIST_FILE = PLVMarqueeDemoUITests/Info.plist;
				LD_RUNPATH_SEARCH_PATHS = "$(inherited) @executable_path/Frameworks @loader_path/Frameworks";
				PRODUCT_BUNDLE_IDENTIFIER = net.polyv.PLVMarqueeDemoUITests;
				PRODUCT_NAME = "$(TARGET_NAME)";
				TARGETED_DEVICE_FAMILY = "1,2";
				TEST_TARGET_NAME = PLVMarqueeDemo;
			};
			name = Release;
		};
/* End XCBuildConfiguration section */

/* Begin XCConfigurationList section */
		03305B181FCFA36200DA2DE1 /* Build configuration list for PBXProject "PLVMarqueeDemo" */ = {
			isa = XCConfigurationList;
			buildConfigurations = (
				03305B471FCFA36200DA2DE1 /* Debug */,
				03305B481FCFA36200DA2DE1 /* Release */,
			);
			defaultConfigurationIsVisible = 0;
			defaultConfigurationName = Release;
		};
		03305B491FCFA36200DA2DE1 /* Build configuration list for PBXNativeTarget "PLVMarqueeDemo" */ = {
			isa = XCConfigurationList;
			buildConfigurations = (
				03305B4A1FCFA36200DA2DE1 /* Debug */,
				03305B4B1FCFA36200DA2DE1 /* Release */,
			);
			defaultConfigurationIsVisible = 0;
			defaultConfigurationName = Release;
		};
		03305B4C1FCFA36200DA2DE1 /* Build configuration list for PBXNativeTarget "PLVMarqueeDemoTests" */ = {
			isa = XCConfigurationList;
			buildConfigurations = (
				03305B4D1FCFA36200DA2DE1 /* Debug */,
				03305B4E1FCFA36200DA2DE1 /* Release */,
			);
			defaultConfigurationIsVisible = 0;
			defaultConfigurationName = Release;
		};
		03305B4F1FCFA36200DA2DE1 /* Build configuration list for PBXNativeTarget "PLVMarqueeDemoUITests" */ = {
			isa = XCConfigurationList;
			buildConfigurations = (
				03305B501FCFA36200DA2DE1 /* Debug */,
				03305B511FCFA36200DA2DE1 /* Release */,
			);
			defaultConfigurationIsVisible = 0;
			defaultConfigurationName = Release;
		};
/* End XCConfigurationList section */
	};
	rootObject = 03305B151FCFA36200DA2DE1 /* Project object */;
}
